// !$*UTF8*$!
{
	archiveVersion = 1;
	classes = {
	};
	objectVersion = 50;
	objects = {

/* Begin PBXBuildFile section */
		1956298D22A19E5B00EB4919 /* AppDelegate.swift in Sources */ = {isa = PBXBuildFile; fileRef = 1956298C22A19E5B00EB4919 /* AppDelegate.swift */; };
		1956298F22A19E5B00EB4919 /* ViewController.swift in Sources */ = {isa = PBXBuildFile; fileRef = 1956298E22A19E5B00EB4919 /* ViewController.swift */; };
		1956299222A19E5B00EB4919 /* Main.storyboard in Resources */ = {isa = PBXBuildFile; fileRef = 1956299022A19E5B00EB4919 /* Main.storyboard */; };
		1956299422A19E5D00EB4919 /* Assets.xcassets in Resources */ = {isa = PBXBuildFile; fileRef = 1956299322A19E5D00EB4919 /* Assets.xcassets */; };
		1956299722A19E5D00EB4919 /* LaunchScreen.storyboard in Resources */ = {isa = PBXBuildFile; fileRef = 1956299522A19E5D00EB4919 /* LaunchScreen.storyboard */; };
		1956299F22A19FBD00EB4919 /* MenuCollectionViewCell.swift in Sources */ = {isa = PBXBuildFile; fileRef = 1956299E22A19FBD00EB4919 /* MenuCollectionViewCell.swift */; };
		195629A322A1A23F00EB4919 /* Menu.swift in Sources */ = {isa = PBXBuildFile; fileRef = 195629A222A1A23F00EB4919 /* Menu.swift */; };
/* End PBXBuildFile section */

/* Begin PBXFileReference section */
		1956298922A19E5B00EB4919 /* UICollectionView.app */ = {isa = PBXFileReference; explicitFileType = wrapper.application; includeInIndex = 0; path = UICollectionView.app; sourceTree = BUILT_PRODUCTS_DIR; };
		1956298C22A19E5B00EB4919 /* AppDelegate.swift */ = {isa = PBXFileReference; lastKnownFileType = sourcecode.swift; path = AppDelegate.swift; sourceTree = "<group>"; };
		1956298E22A19E5B00EB4919 /* ViewController.swift */ = {isa = PBXFileReference; lastKnownFileType = sourcecode.swift; path = ViewController.swift; sourceTree = "<group>"; };
		1956299122A19E5B00EB4919 /* Base */ = {isa = PBXFileReference; lastKnownFileType = file.storyboard; name = Base; path = Base.lproj/Main.storyboard; sourceTree = "<group>"; };
		1956299322A19E5D00EB4919 /* Assets.xcassets */ = {isa = PBXFileReference; lastKnownFileType = folder.assetcatalog; path = Assets.xcassets; sourceTree = "<group>"; };
		1956299622A19E5D00EB4919 /* Base */ = {isa = PBXFileReference; lastKnownFileType = file.storyboard; name = Base; path = Base.lproj/LaunchScreen.storyboard; sourceTree = "<group>"; };
		1956299822A19E5D00EB4919 /* Info.plist */ = {isa = PBXFileReference; lastKnownFileType = text.plist.xml; path = Info.plist; sourceTree = "<group>"; };
		1956299E22A19FBD00EB4919 /* MenuCollectionViewCell.swift */ = {isa = PBXFileReference; lastKnownFileType = sourcecode.swift; path = MenuCollectionViewCell.swift; sourceTree = "<group>"; };
		195629A222A1A23F00EB4919 /* Menu.swift */ = {isa = PBXFileReference; lastKnownFileType = sourcecode.swift; path = Menu.swift; sourceTree = "<group>"; };
/* End PBXFileReference section */

/* Begin PBXFrameworksBuildPhase section */
		1956298622A19E5B00EB4919 /* Frameworks */ = {
			isa = PBXFrameworksBuildPhase;
			buildActionMask = 2147483647;
			files = (
			);
			runOnlyForDeploymentPostprocessing = 0;
		};
/* End PBXFrameworksBuildPhase section */

/* Begin PBXGroup section */
		1956298022A19E5B00EB4919 = {
			isa = PBXGroup;
			children = (
				1956298B22A19E5B00EB4919 /* UICollectionView */,
				1956298A22A19E5B00EB4919 /* Products */,
			);
			sourceTree = "<group>";
		};
		1956298A22A19E5B00EB4919 /* Products */ = {
			isa = PBXGroup;
			children = (
				1956298922A19E5B00EB4919 /* UICollectionView.app */,
			);
			name = Products;
			sourceTree = "<group>";
		};
		1956298B22A19E5B00EB4919 /* UICollectionView */ = {
			isa = PBXGroup;
			children = (
				1956298C22A19E5B00EB4919 /* AppDelegate.swift */,
				1956299022A19E5B00EB4919 /* Main.storyboard */,
				195629A422A1A2AA00EB4919 /* Model */,
				195629A122A1A16A00EB4919 /* Controller */,
				195629A022A19FFB00EB4919 /* View */,
				1956299322A19E5D00EB4919 /* Assets.xcassets */,
				1956299522A19E5D00EB4919 /* LaunchScreen.storyboard */,
				1956299822A19E5D00EB4919 /* Info.plist */,
			);
			path = UICollectionView;
			sourceTree = "<group>";
		};
		195629A022A19FFB00EB4919 /* View */ = {
			isa = PBXGroup;
			children = (
				1956299E22A19FBD00EB4919 /* MenuCollectionViewCell.swift */,
			);
			path = View;
			sourceTree = "<group>";
		};
		195629A122A1A16A00EB4919 /* Controller */ = {
			isa = PBXGroup;
			children = (
				1956298E22A19E5B00EB4919 /* ViewController.swift */,
			);
			path = Controller;
			sourceTree = "<group>";
		};
		195629A422A1A2AA00EB4919 /* Model */ = {
			isa = PBXGroup;
			children = (
				195629A222A1A23F00EB4919 /* Menu.swift */,
			);
			path = Model;
			sourceTree = "<group>";
		};
/* End PBXGroup section */

/* Begin PBXNativeTarget section */
		1956298822A19E5B00EB4919 /* UICollectionView */ = {
			isa = PBXNativeTarget;
			buildConfigurationList = 1956299B22A19E5D00EB4919 /* Build configuration list for PBXNativeTarget "UICollectionView" */;
			buildPhases = (
				1956298522A19E5B00EB4919 /* Sources */,
				1956298622A19E5B00EB4919 /* Frameworks */,
				1956298722A19E5B00EB4919 /* Resources */,
			);
			buildRules = (
			);
			dependencies = (
			);
			name = UICollectionView;
			productName = UICollectionView;
			productReference = 1956298922A19E5B00EB4919 /* UICollectionView.app */;
			productType = "com.apple.product-type.application";
		};
/* End PBXNativeTarget section */

/* Begin PBXProject section */
		1956298122A19E5B00EB4919 /* Project object */ = {
			isa = PBXProject;
			attributes = {
				LastSwiftUpdateCheck = 1020;
				LastUpgradeCheck = 1020;
				ORGANIZATIONNAME = 353;
				TargetAttributes = {
					1956298822A19E5B00EB4919 = {
						CreatedOnToolsVersion = 10.2.1;
					};
				};
			};
			buildConfigurationList = 1956298422A19E5B00EB4919 /* Build configuration list for PBXProject "UICollectionView" */;
			compatibilityVersion = "Xcode 9.3";
			developmentRegion = en;
			hasScannedForEncodings = 0;
			knownRegions = (
				en,
				Base,
			);
			mainGroup = 1956298022A19E5B00EB4919;
			productRefGroup = 1956298A22A19E5B00EB4919 /* Products */;
			projectDirPath = "";
			projectRoot = "";
			targets = (
				1956298822A19E5B00EB4919 /* UICollectionView */,
			);
		};
/* End PBXProject section */

/* Begin PBXResourcesBuildPhase section */
		1956298722A19E5B00EB4919 /* Resources */ = {
			isa = PBXResourcesBuildPhase;
			buildActionMask = 2147483647;
			files = (
				1956299722A19E5D00EB4919 /* LaunchScreen.storyboard in Resources */,
				1956299422A19E5D00EB4919 /* Assets.xcassets in Resources */,
				1956299222A19E5B00EB4919 /* Main.storyboard in Resources */,
			);
			runOnlyForDeploymentPostprocessing = 0;
		};
/* End PBXResourcesBuildPhase section */

/* Begin PBXSourcesBuildPhase section */
		1956298522A19E5B00EB4919 /* Sources */ = {
			isa = PBXSourcesBuildPhase;
			buildActionMask = 2147483647;
			files = (
				1956298F22A19E5B00EB4919 /* ViewController.swift in Sources */,
				195629A322A1A23F00EB4919 /* Menu.swift in Sources */,
				1956298D22A19E5B00EB4919 /* AppDelegate.swift in Sources */,
				1956299F22A19FBD00EB4919 /* MenuCollectionViewCell.swift in Sources */,
			);
			runOnlyForDeploymentPostprocessing = 0;
		};
/* End PBXSourcesBuildPhase section */

/* Begin PBXVariantGroup section */
		1956299022A19E5B00EB4919 /* Main.storyboard */ = {
			isa = PBXVariantGroup;
			children = (
				1956299122A19E5B00EB4919 /* Base */,
			);
			name = Main.storyboard;
			sourceTree = "<group>";
		};
		1956299522A19E5D00EB4919 /* LaunchScreen.storyboard */ = {
			isa = PBXVariantGroup;
			children = (
				1956299622A19E5D00EB4919 /* Base */,
			);
			name = LaunchScreen.storyboard;
			sourceTree = "<group>";
		};
/* End PBXVariantGroup section */

/* Begin XCBuildConfiguration section */
		1956299922A19E5D00EB4919 /* Debug */ = {
			isa = XCBuildConfiguration;
			buildSettings = {
				ALWAYS_SEARCH_USER_PATHS = NO;
				CLANG_ANALYZER_NONNULL = YES;
				CLANG_ANALYZER_NUMBER_OBJECT_CONVERSION = YES_AGGRESSIVE;
				CLANG_CXX_LANGUAGE_STANDARD = "gnu++14";
				CLANG_CXX_LIBRARY = "libc++";
				CLANG_ENABLE_MODULES = YES;
				CLANG_ENABLE_OBJC_ARC = YES;
				CLANG_ENABLE_OBJC_WEAK = YES;
				CLANG_WARN_BLOCK_CAPTURE_AUTORELEASING = YES;
				CLANG_WARN_BOOL_CONVERSION = YES;
				CLANG_WARN_COMMA = YES;
				CLANG_WARN_CONSTANT_CONVERSION = YES;
				CLANG_WARN_DEPRECATED_OBJC_IMPLEMENTATIONS = YES;
				CLANG_WARN_DIRECT_OBJC_ISA_USAGE = YES_ERROR;
				CLANG_WARN_DOCUMENTATION_COMMENTS = YES;
				CLANG_WARN_EMPTY_BODY = YES;
				CLANG_WARN_ENUM_CONVERSION = YES;
				CLANG_WARN_INFINITE_RECURSION = YES;
				CLANG_WARN_INT_CONVERSION = YES;
				CLANG_WARN_NON_LITERAL_NULL_CONVERSION = YES;
				CLANG_WARN_OBJC_IMPLICIT_RETAIN_SELF = YES;
				CLANG_WARN_OBJC_LITERAL_CONVERSION = YES;
				CLANG_WARN_OBJC_ROOT_CLASS = YES_ERROR;
				CLANG_WARN_RANGE_LOOP_ANALYSIS = YES;
				CLANG_WARN_STRICT_PROTOTYPES = YES;
				CLANG_WARN_SUSPICIOUS_MOVE = YES;
				CLANG_WARN_UNGUARDED_AVAILABILITY = YES_AGGRESSIVE;
				CLANG_WARN_UNREACHABLE_CODE = YES;
				CLANG_WARN__DUPLICATE_METHOD_MATCH = YES;
				CODE_SIGN_IDENTITY = "iPhone Developer";
				COPY_PHASE_STRIP = NO;
				DEBUG_INFORMATION_FORMAT = dwarf;
				ENABLE_STRICT_OBJC_MSGSEND = YES;
				ENABLE_TESTABILITY = YES;
				GCC_C_LANGUAGE_STANDARD = gnu11;
				GCC_DYNAMIC_NO_PIC = NO;
				GCC_NO_COMMON_BLOCKS = YES;
				GCC_OPTIMIZATION_LEVEL = 0;
				GCC_PREPROCESSOR_DEFINITIONS = (
					"DEBUG=1",
					"$(inherited)",
				);
				GCC_WARN_64_TO_32_BIT_CONVERSION = YES;
				GCC_WARN_ABOUT_RETURN_TYPE = YES_ERROR;
				GCC_WARN_UNDECLARED_SELECTOR = YES;
				GCC_WARN_UNINITIALIZED_AUTOS = YES_AGGRESSIVE;
				GCC_WARN_UNUSED_FUNCTION = YES;
				GCC_WARN_UNUSED_VARIABLE = YES;
				IPHONEOS_DEPLOYMENT_TARGET = 12.2;
				MTL_ENABLE_DEBUG_INFO = INCLUDE_SOURCE;
				MTL_FAST_MATH = YES;
				ONLY_ACTIVE_ARCH = YES;
				SDKROOT = iphoneos;
				SWIFT_ACTIVE_COMPILATION_CONDITIONS = DEBUG;
				SWIFT_OPTIMIZATION_LEVEL = "-Onone";
			};
			name = Debug;
		};
		1956299A22A19E5D00EB4919 /* Release */ = {
			isa = XCBuildConfiguration;
			buildSettings = {
				ALWAYS_SEARCH_USER_PATHS = NO;
				CLANG_ANALYZER_NONNULL = YES;
				CLANG_ANALYZER_NUMBER_OBJECT_CONVERSION = YES_AGGRESSIVE;
				CLANG_CXX_LANGUAGE_STANDARD = "gnu++14";
				CLANG_CXX_LIBRARY = "libc++";
				CLANG_ENABLE_MODULES = YES;
				CLANG_ENABLE_OBJC_ARC = YES;
				CLANG_ENABLE_OBJC_WEAK = YES;
				CLANG_WARN_BLOCK_CAPTURE_AUTORELEASING = YES;
				CLANG_WARN_BOOL_CONVERSION = YES;
				CLANG_WARN_COMMA = YES;
				CLANG_WARN_CONSTANT_CONVERSION = YES;
				CLANG_WARN_DEPRECATED_OBJC_IMPLEMENTATIONS = YES;
				CLANG_WARN_DIRECT_OBJC_ISA_USAGE = YES_ERROR;
				CLANG_WARN_DOCUMENTATION_COMMENTS = YES;
				CLANG_WARN_EMPTY_BODY = YES;
				CLANG_WARN_ENUM_CONVERSION = YES;
				CLANG_WARN_INFINITE_RECURSION = YES;
				CLANG_WARN_INT_CONVERSION = YES;
				CLANG_WARN_NON_LITERAL_NULL_CONVERSION = YES;
				CLANG_WARN_OBJC_IMPLICIT_RETAIN_SELF = YES;
				CLANG_WARN_OBJC_LITERAL_CONVERSION = YES;
				CLANG_WARN_OBJC_ROOT_CLASS = YES_ERROR;
				CLANG_WARN_RANGE_LOOP_ANALYSIS = YES;
				CLANG_WARN_STRICT_PROTOTYPES = YES;
				CLANG_WARN_SUSPICIOUS_MOVE = YES;
				CLANG_WARN_UNGUARDED_AVAILABILITY = YES_AGGRESSIVE;
				CLANG_WARN_UNREACHABLE_CODE = YES;
				CLANG_WARN__DUPLICATE_METHOD_MATCH = YES;
				CODE_SIGN_IDENTITY = "iPhone Developer";
				COPY_PHASE_STRIP = NO;
				DEBUG_INFORMATION_FORMAT = "dwarf-with-dsym";
				ENABLE_NS_ASSERTIONS = NO;
				ENABLE_STRICT_OBJC_MSGSEND = YES;
				GCC_C_LANGUAGE_STANDARD = gnu11;
				GCC_NO_COMMON_BLOCKS = YES;
				GCC_WARN_64_TO_32_BIT_CONVERSION = YES;
				GCC_WARN_ABOUT_RETURN_TYPE = YES_ERROR;
				GCC_WARN_UNDECLARED_SELECTOR = YES;
				GCC_WARN_UNINITIALIZED_AUTOS = YES_AGGRESSIVE;
				GCC_WARN_UNUSED_FUNCTION = YES;
				GCC_WARN_UNUSED_VARIABLE = YES;
				IPHONEOS_DEPLOYMENT_TARGET = 12.2;
				MTL_ENABLE_DEBUG_INFO = NO;
				MTL_FAST_MATH = YES;
				SDKROOT = iphoneos;
				SWIFT_COMPILATION_MODE = wholemodule;
				SWIFT_OPTIMIZATION_LEVEL = "-O";
				VALIDATE_PRODUCT = YES;
			};
			name = Release;
		};
		1956299C22A19E5D00EB4919 /* Debug */ = {
			isa = XCBuildConfiguration;
			buildSettings = {
				ASSETCATALOG_COMPILER_APPICON_NAME = AppIcon;
				CODE_SIGN_STYLE = Automatic;
				INFOPLIST_FILE = UICollectionView/Info.plist;
				LD_RUNPATH_SEARCH_PATHS = (
					"$(inherited)",
					"@executable_path/Frameworks",
				);
				PRODUCT_BUNDLE_IDENTIFIER = Den.UICollectionView;
				PRODUCT_NAME = "$(TARGET_NAME)";
				SWIFT_VERSION = 5.0;
				TARGETED_DEVICE_FAMILY = "1,2";
			};
			name = Debug;
		};
		1956299D22A19E5D00EB4919 /* Release */ = {
			isa = XCBuildConfiguration;
			buildSettings = {
				ASSETCATALOG_COMPILER_APPICON_NAME = AppIcon;
				CODE_SIGN_STYLE = Automatic;
				INFOPLIST_FILE = UICollectionView/Info.plist;
				LD_RUNPATH_SEARCH_PATHS = (
					"$(inherited)",
					"@executable_path/Frameworks",
				);
				PRODUCT_BUNDLE_IDENTIFIER = Den.UICollectionView;
				PRODUCT_NAME = "$(TARGET_NAME)";
				SWIFT_VERSION = 5.0;
				TARGETED_DEVICE_FAMILY = "1,2";
			};
			name = Release;
		};
/* End XCBuildConfiguration section */

/* Begin XCConfigurationList section */
		1956298422A19E5B00EB4919 /* Build configuration list for PBXProject "UICollectionView" */ = {
			isa = XCConfigurationList;
			buildConfigurations = (
				1956299922A19E5D00EB4919 /* Debug */,
				1956299A22A19E5D00EB4919 /* Release */,
			);
			defaultConfigurationIsVisible = 0;
			defaultConfigurationName = Release;
		};
		1956299B22A19E5D00EB4919 /* Build configuration list for PBXNativeTarget "UICollectionView" */ = {
			isa = XCConfigurationList;
			buildConfigurations = (
				1956299C22A19E5D00EB4919 /* Debug */,
				1956299D22A19E5D00EB4919 /* Release */,
			);
			defaultConfigurationIsVisible = 0;
			defaultConfigurationName = Release;
		};
/* End XCConfigurationList section */
	};
	rootObject = 1956298122A19E5B00EB4919 /* Project object */;
}
